
Microsoft Visual Studio Solution File, Format Version 12.00
# Visual Studio Version 17
VisualStudioVersion = 17.0.31903.59
MinimumVisualStudioVersion = 10.0.40219.1
Project("{FAE04EC0-301F-11D3-BF4B-00C04F79EFBC}") = "API", "API\API.csproj", "{A1EA3B5A-357D-4125-AD20-A19B8016DD1D}"
EndProject
Project("{FAE04EC0-301F-11D3-BF4B-00C04F79EFBC}") = "Application", "Application\Application.csproj", "{F5C7A216-9E1C-43C6-9AA7-952E471FE46A}"
EndProject
Project("{FAE04EC0-301F-11D3-BF4B-00C04F79EFBC}") = "Domain", "Domain\Domain.csproj", "{BFE24A5B-4A26-432E-AB40-8B3DAC17EF07}"
EndProject
Project("{FAE04EC0-301F-11D3-BF4B-00C04F79EFBC}") = "Persistence", "Persistence\Persistence.csproj", "{6B567A73-E614-4859-99D5-C6F4CD701588}"
EndProject
Global
	GlobalSection(SolutionConfigurationPlatforms) = preSolution
		Debug|Any CPU = Debug|Any CPU
		Release|Any CPU = Release|Any CPU
	EndGlobalSection
	GlobalSection(SolutionProperties) = preSolution
		HideSolutionNode = FALSE
	EndGlobalSection
	GlobalSection(ProjectConfigurationPlatforms) = postSolution
		{A1EA3B5A-357D-4125-AD20-A19B8016DD1D}.Debug|Any CPU.ActiveCfg = Debug|Any CPU
		{A1EA3B5A-357D-4125-AD20-A19B8016DD1D}.Debug|Any CPU.Build.0 = Debug|Any CPU
		{A1EA3B5A-357D-4125-AD20-A19B8016DD1D}.Release|Any CPU.ActiveCfg = Release|Any CPU
		{A1EA3B5A-357D-4125-AD20-A19B8016DD1D}.Release|Any CPU.Build.0 = Release|Any CPU
		{F5C7A216-9E1C-43C6-9AA7-952E471FE46A}.Debug|Any CPU.ActiveCfg = Debug|Any CPU
		{F5C7A216-9E1C-43C6-9AA7-952E471FE46A}.Debug|Any CPU.Build.0 = Debug|Any CPU
		{F5C7A216-9E1C-43C6-9AA7-952E471FE46A}.Release|Any CPU.ActiveCfg = Release|Any CPU
		{F5C7A216-9E1C-43C6-9AA7-952E471FE46A}.Release|Any CPU.Build.0 = Release|Any CPU
		{BFE24A5B-4A26-432E-AB40-8B3DAC17EF07}.Debug|Any CPU.ActiveCfg = Debug|Any CPU
		{BFE24A5B-4A26-432E-AB40-8B3DAC17EF07}.Debug|Any CPU.Build.0 = Debug|Any CPU
		{BFE24A5B-4A26-432E-AB40-8B3DAC17EF07}.Release|Any CPU.ActiveCfg = Release|Any CPU
		{BFE24A5B-4A26-432E-AB40-8B3DAC17EF07}.Release|Any CPU.Build.0 = Release|Any CPU
		{6B567A73-E614-4859-99D5-C6F4CD701588}.Debug|Any CPU.ActiveCfg = Debug|Any CPU
		{6B567A73-E614-4859-99D5-C6F4CD701588}.Debug|Any CPU.Build.0 = Debug|Any CPU
		{6B567A73-E614-4859-99D5-C6F4CD701588}.Release|Any CPU.ActiveCfg = Release|Any CPU
		{6B567A73-E614-4859-99D5-C6F4CD701588}.Release|Any CPU.Build.0 = Release|Any CPU
	EndGlobalSection
EndGlobal
